
Microsoft Visual Studio Solution File, Format Version 12.00
# Visual Studio Version 17
VisualStudioVersion = 17.9.34607.119
MinimumVisualStudioVersion = 10.0.40219.1
Project("{FAE04EC0-301F-11D3-BF4B-00C04F79EFBC}") = "solucao-csharp", "solucao-csharp.csproj", "{8C2BDCAD-2AF1-4CF6-96B5-ACB297AFA134}"
EndProject
Global
	GlobalSection(SolutionConfigurationPlatforms) = preSolution
		Debug|Any CPU = Debug|Any CPU
		Release|Any CPU = Release|Any CPU
	EndGlobalSection
	GlobalSection(ProjectConfigurationPlatforms) = postSolution
		{8C2BDCAD-2AF1-4CF6-96B5-ACB297AFA134}.Debug|Any CPU.ActiveCfg = Debug|Any CPU
		{8C2BDCAD-2AF1-4CF6-96B5-ACB297AFA134}.Debug|Any CPU.Build.0 = Debug|Any CPU
		{8C2BDCAD-2AF1-4CF6-96B5-ACB297AFA134}.Release|Any CPU.ActiveCfg = Release|Any CPU
		{8C2BDCAD-2AF1-4CF6-96B5-ACB297AFA134}.Release|Any CPU.Build.0 = Release|Any CPU
	EndGlobalSection
	GlobalSection(SolutionProperties) = preSolution
		HideSolutionNode = FALSE
	EndGlobalSection
	GlobalSection(ExtensibilityGlobals) = postSolution
		SolutionGuid = {A241AB8F-2189-4C91-97E5-B44182667A47}
	EndGlobalSection
EndGlobal
